
Microsoft Visual Studio Solution File, Format Version 12.00
# Visual Studio Version 17
VisualStudioVersion = 17.0.31903.59
MinimumVisualStudioVersion = 10.0.40219.1
Project("{FAE04EC0-301F-11D3-BF4B-00C04F79EFBC}") = "YourProfExpert.Infrastructure", "YourProfExpert.Infrastructure\YourProfExpert.Infrastructure.csproj", "{DCEF111C-B5BB-4EE5-A398-315CB6E16884}"
EndProject
Project("{FAE04EC0-301F-11D3-BF4B-00C04F79EFBC}") = "YourProfExpert.Core", "YourProfExpert.Core\YourProfExpert.Core.csproj", "{276B4EE3-EAD1-4E82-BDBE-B87B9D5C7139}"
EndProject
Project("{FAE04EC0-301F-11D3-BF4B-00C04F79EFBC}") = "YourProfExpert.TelegramBot", "YourProfExpert.TelegramBot\YourProfExpert.TelegramBot.csproj", "{0184FEC7-2484-416F-AB7C-33608549CB25}"
EndProject
Project("{FAE04EC0-301F-11D3-BF4B-00C04F79EFBC}") = "YourProfExpert.Services", "YourProfExpert.Services\YourProfExpert.Services.csproj", "{E20A302B-80FE-4F8E-A35F-215F382E4725}"
EndProject
Project("{FAE04EC0-301F-11D3-BF4B-00C04F79EFBC}") = "YourProfExpert.Tests", "YourProfExpert.Tests\YourProfExpert.Tests.csproj", "{E557AF58-B994-40DA-9B62-4383E3433C37}"
EndProject
Project("{FAE04EC0-301F-11D3-BF4B-00C04F79EFBC}") = "YourProfExpert.TestOfKlimov", "YourProfExpert.TestOfKlimov\YourProfExpert.TestOfKlimov.csproj", "{5639B653-9221-49E1-A804-DB58932EC584}"
EndProject
Global
	GlobalSection(SolutionConfigurationPlatforms) = preSolution
		Debug|Any CPU = Debug|Any CPU
		Release|Any CPU = Release|Any CPU
	EndGlobalSection
	GlobalSection(SolutionProperties) = preSolution
		HideSolutionNode = FALSE
	EndGlobalSection
	GlobalSection(ProjectConfigurationPlatforms) = postSolution
		{DCEF111C-B5BB-4EE5-A398-315CB6E16884}.Debug|Any CPU.ActiveCfg = Debug|Any CPU
		{DCEF111C-B5BB-4EE5-A398-315CB6E16884}.Debug|Any CPU.Build.0 = Debug|Any CPU
		{DCEF111C-B5BB-4EE5-A398-315CB6E16884}.Release|Any CPU.ActiveCfg = Release|Any CPU
		{DCEF111C-B5BB-4EE5-A398-315CB6E16884}.Release|Any CPU.Build.0 = Release|Any CPU
		{276B4EE3-EAD1-4E82-BDBE-B87B9D5C7139}.Debug|Any CPU.ActiveCfg = Debug|Any CPU
		{276B4EE3-EAD1-4E82-BDBE-B87B9D5C7139}.Debug|Any CPU.Build.0 = Debug|Any CPU
		{276B4EE3-EAD1-4E82-BDBE-B87B9D5C7139}.Release|Any CPU.ActiveCfg = Release|Any CPU
		{276B4EE3-EAD1-4E82-BDBE-B87B9D5C7139}.Release|Any CPU.Build.0 = Release|Any CPU
		{0184FEC7-2484-416F-AB7C-33608549CB25}.Debug|Any CPU.ActiveCfg = Debug|Any CPU
		{0184FEC7-2484-416F-AB7C-33608549CB25}.Debug|Any CPU.Build.0 = Debug|Any CPU
		{0184FEC7-2484-416F-AB7C-33608549CB25}.Release|Any CPU.ActiveCfg = Release|Any CPU
		{0184FEC7-2484-416F-AB7C-33608549CB25}.Release|Any CPU.Build.0 = Release|Any CPU
		{E20A302B-80FE-4F8E-A35F-215F382E4725}.Debug|Any CPU.ActiveCfg = Debug|Any CPU
		{E20A302B-80FE-4F8E-A35F-215F382E4725}.Debug|Any CPU.Build.0 = Debug|Any CPU
		{E20A302B-80FE-4F8E-A35F-215F382E4725}.Release|Any CPU.ActiveCfg = Release|Any CPU
		{E20A302B-80FE-4F8E-A35F-215F382E4725}.Release|Any CPU.Build.0 = Release|Any CPU
		{E557AF58-B994-40DA-9B62-4383E3433C37}.Debug|Any CPU.ActiveCfg = Debug|Any CPU
		{E557AF58-B994-40DA-9B62-4383E3433C37}.Debug|Any CPU.Build.0 = Debug|Any CPU
		{E557AF58-B994-40DA-9B62-4383E3433C37}.Release|Any CPU.ActiveCfg = Release|Any CPU
		{E557AF58-B994-40DA-9B62-4383E3433C37}.Release|Any CPU.Build.0 = Release|Any CPU
		{5639B653-9221-49E1-A804-DB58932EC584}.Debug|Any CPU.ActiveCfg = Debug|Any CPU
		{5639B653-9221-49E1-A804-DB58932EC584}.Debug|Any CPU.Build.0 = Debug|Any CPU
		{5639B653-9221-49E1-A804-DB58932EC584}.Release|Any CPU.ActiveCfg = Release|Any CPU
		{5639B653-9221-49E1-A804-DB58932EC584}.Release|Any CPU.Build.0 = Release|Any CPU
	EndGlobalSection
EndGlobal
